
Microsoft Visual Studio Solution File, Format Version 12.00
# Visual Studio 15
VisualStudioVersion = 15.0.28307.421
MinimumVisualStudioVersion = 10.0.40219.1
Project("{FAE04EC0-301F-11D3-BF4B-00C04F79EFBC}") = "CoreWebApplication1", "CoreWebApplication1\CoreWebApplication1.csproj", "{F35B4454-ADAD-43C4-9FB4-133849FC0951}"
EndProject
Project("{9A19103F-16F7-4668-BE54-9A1E7A4F7556}") = "myMLAppML.Model", "..\myMLApp\myMLAppML.Model\myMLAppML.Model.csproj", "{EA25FFD1-D51B-4853-A6AD-CE52BE2F0609}"
EndProject
Global
	GlobalSection(SolutionConfigurationPlatforms) = preSolution
		Debug|Any CPU = Debug|Any CPU
		Release|Any CPU = Release|Any CPU
	EndGlobalSection
	GlobalSection(ProjectConfigurationPlatforms) = postSolution
		{F35B4454-ADAD-43C4-9FB4-133849FC0951}.Debug|Any CPU.ActiveCfg = Debug|Any CPU
		{F35B4454-ADAD-43C4-9FB4-133849FC0951}.Debug|Any CPU.Build.0 = Debug|Any CPU
		{F35B4454-ADAD-43C4-9FB4-133849FC0951}.Release|Any CPU.ActiveCfg = Release|Any CPU
		{F35B4454-ADAD-43C4-9FB4-133849FC0951}.Release|Any CPU.Build.0 = Release|Any CPU
		{EA25FFD1-D51B-4853-A6AD-CE52BE2F0609}.Debug|Any CPU.ActiveCfg = Debug|Any CPU
		{EA25FFD1-D51B-4853-A6AD-CE52BE2F0609}.Debug|Any CPU.Build.0 = Debug|Any CPU
		{EA25FFD1-D51B-4853-A6AD-CE52BE2F0609}.Release|Any CPU.ActiveCfg = Release|Any CPU
		{EA25FFD1-D51B-4853-A6AD-CE52BE2F0609}.Release|Any CPU.Build.0 = Release|Any CPU
	EndGlobalSection
	GlobalSection(SolutionProperties) = preSolution
		HideSolutionNode = FALSE
	EndGlobalSection
	GlobalSection(ExtensibilityGlobals) = postSolution
		SolutionGuid = {94B20CC7-7CC4-4D4D-9301-5A9DB5BB6006}
	EndGlobalSection
EndGlobal
